
Microsoft Visual Studio Solution File, Format Version 12.00
# Visual Studio 15
VisualStudioVersion = 15.0.28307.271
MinimumVisualStudioVersion = 10.0.40219.1
Project("{FAE04EC0-301F-11D3-BF4B-00C04F79EFBC}") = "ProjectManagerAPI", "ProjectManagerAPI\ProjectManagerAPI.csproj", "{4B65175D-3615-4596-8491-5F281844665F}"
EndProject
Project("{FAE04EC0-301F-11D3-BF4B-00C04F79EFBC}") = "ProjectManager.BAL", "ProjectManager.BAL\ProjectManager.BAL.csproj", "{958A88AD-C2E6-45FB-B9C1-97342EAD3CA2}"
EndProject
Project("{FAE04EC0-301F-11D3-BF4B-00C04F79EFBC}") = "ProjectManager.BusinessEntities", "ProjectManager.BusinessEntities\ProjectManager.BusinessEntities.csproj", "{C9858D52-7F71-46DE-B138-40931F0984E6}"
EndProject
Project("{FAE04EC0-301F-11D3-BF4B-00C04F79EFBC}") = "ProjectManager.DAL", "ProjectManager.DAL\ProjectManager.DAL.csproj", "{B433A2EC-A2E8-4BEB-9D8B-6D0F177C7AB7}"
EndProject
Project("{FAE04EC0-301F-11D3-BF4B-00C04F79EFBC}") = "ProjectManager.TestHelper", "ProjectManager.TestHelper\ProjectManager.TestHelper.csproj", "{DCB17E60-6CAC-4086-8615-FB09A8806B7E}"
EndProject
Project("{FAE04EC0-301F-11D3-BF4B-00C04F79EFBC}") = "ProjectManager.Logger", "ProjectManager.Logger\ProjectManager.Logger.csproj", "{05577EDC-11E7-4E79-A5AC-24675E8B5ABE}"
EndProject
Project("{FAE04EC0-301F-11D3-BF4B-00C04F79EFBC}") = "ProjectManager.LoadTest", "ProjectManager.LoadTest\ProjectManager.LoadTest.csproj", "{7DC4D847-5AAA-48F1-8F17-1575B4948300}"
EndProject
Project("{FAE04EC0-301F-11D3-BF4B-00C04F79EFBC}") = "ProjectManager.APITests", "ProjectManager.APITests\ProjectManager.APITests.csproj", "{9F7E1D38-9833-4DDB-A84F-0F36A6C945B7}"
EndProject
Global
	GlobalSection(SolutionConfigurationPlatforms) = preSolution
		Debug|Any CPU = Debug|Any CPU
		Release|Any CPU = Release|Any CPU
	EndGlobalSection
	GlobalSection(ProjectConfigurationPlatforms) = postSolution
		{4B65175D-3615-4596-8491-5F281844665F}.Debug|Any CPU.ActiveCfg = Debug|Any CPU
		{4B65175D-3615-4596-8491-5F281844665F}.Debug|Any CPU.Build.0 = Debug|Any CPU
		{4B65175D-3615-4596-8491-5F281844665F}.Release|Any CPU.ActiveCfg = Release|Any CPU
		{4B65175D-3615-4596-8491-5F281844665F}.Release|Any CPU.Build.0 = Release|Any CPU
		{958A88AD-C2E6-45FB-B9C1-97342EAD3CA2}.Debug|Any CPU.ActiveCfg = Debug|Any CPU
		{958A88AD-C2E6-45FB-B9C1-97342EAD3CA2}.Debug|Any CPU.Build.0 = Debug|Any CPU
		{958A88AD-C2E6-45FB-B9C1-97342EAD3CA2}.Release|Any CPU.ActiveCfg = Release|Any CPU
		{958A88AD-C2E6-45FB-B9C1-97342EAD3CA2}.Release|Any CPU.Build.0 = Release|Any CPU
		{C9858D52-7F71-46DE-B138-40931F0984E6}.Debug|Any CPU.ActiveCfg = Debug|Any CPU
		{C9858D52-7F71-46DE-B138-40931F0984E6}.Debug|Any CPU.Build.0 = Debug|Any CPU
		{C9858D52-7F71-46DE-B138-40931F0984E6}.Release|Any CPU.ActiveCfg = Release|Any CPU
		{C9858D52-7F71-46DE-B138-40931F0984E6}.Release|Any CPU.Build.0 = Release|Any CPU
		{B433A2EC-A2E8-4BEB-9D8B-6D0F177C7AB7}.Debug|Any CPU.ActiveCfg = Debug|Any CPU
		{B433A2EC-A2E8-4BEB-9D8B-6D0F177C7AB7}.Debug|Any CPU.Build.0 = Debug|Any CPU
		{B433A2EC-A2E8-4BEB-9D8B-6D0F177C7AB7}.Release|Any CPU.ActiveCfg = Release|Any CPU
		{B433A2EC-A2E8-4BEB-9D8B-6D0F177C7AB7}.Release|Any CPU.Build.0 = Release|Any CPU
		{DCB17E60-6CAC-4086-8615-FB09A8806B7E}.Debug|Any CPU.ActiveCfg = Debug|Any CPU
		{DCB17E60-6CAC-4086-8615-FB09A8806B7E}.Debug|Any CPU.Build.0 = Debug|Any CPU
		{DCB17E60-6CAC-4086-8615-FB09A8806B7E}.Release|Any CPU.ActiveCfg = Release|Any CPU
		{DCB17E60-6CAC-4086-8615-FB09A8806B7E}.Release|Any CPU.Build.0 = Release|Any CPU
		{05577EDC-11E7-4E79-A5AC-24675E8B5ABE}.Debug|Any CPU.ActiveCfg = Debug|Any CPU
		{05577EDC-11E7-4E79-A5AC-24675E8B5ABE}.Debug|Any CPU.Build.0 = Debug|Any CPU
		{05577EDC-11E7-4E79-A5AC-24675E8B5ABE}.Release|Any CPU.ActiveCfg = Release|Any CPU
		{05577EDC-11E7-4E79-A5AC-24675E8B5ABE}.Release|Any CPU.Build.0 = Release|Any CPU
		{7DC4D847-5AAA-48F1-8F17-1575B4948300}.Debug|Any CPU.ActiveCfg = Debug|Any CPU
		{7DC4D847-5AAA-48F1-8F17-1575B4948300}.Debug|Any CPU.Build.0 = Debug|Any CPU
		{7DC4D847-5AAA-48F1-8F17-1575B4948300}.Release|Any CPU.ActiveCfg = Release|Any CPU
		{7DC4D847-5AAA-48F1-8F17-1575B4948300}.Release|Any CPU.Build.0 = Release|Any CPU
		{9F7E1D38-9833-4DDB-A84F-0F36A6C945B7}.Debug|Any CPU.ActiveCfg = Debug|Any CPU
		{9F7E1D38-9833-4DDB-A84F-0F36A6C945B7}.Debug|Any CPU.Build.0 = Debug|Any CPU
		{9F7E1D38-9833-4DDB-A84F-0F36A6C945B7}.Release|Any CPU.ActiveCfg = Release|Any CPU
		{9F7E1D38-9833-4DDB-A84F-0F36A6C945B7}.Release|Any CPU.Build.0 = Release|Any CPU
	EndGlobalSection
	GlobalSection(SolutionProperties) = preSolution
		HideSolutionNode = FALSE
	EndGlobalSection
	GlobalSection(ExtensibilityGlobals) = postSolution
		SolutionGuid = {043942BC-59BB-48E6-81D1-8B81B0E834EE}
	EndGlobalSection
EndGlobal
